
Microsoft Visual Studio Solution File, Format Version 12.00
# Visual Studio Version 16
VisualStudioVersion = 16.6.30114.105
MinimumVisualStudioVersion = 10.0.40219.1
Project("{2150E333-8FDC-42A3-9474-1A3956D46DE8}") = "src", "src", "{1373C632-983E-4EB2-ABF5-58184170F081}"
EndProject
Project("{9A19103F-16F7-4668-BE54-9A1E7A4F7556}") = "KcpSharp", "src\KcpSharp\KcpSharp.csproj", "{E1F82C25-5DA3-4BA3-A4F9-F7195684C5EB}"
EndProject
Project("{2150E333-8FDC-42A3-9474-1A3956D46DE8}") = "tests", "tests", "{A8C1D402-98C1-4DEB-B8CD-9F02040D54C4}"
EndProject
Project("{9A19103F-16F7-4668-BE54-9A1E7A4F7556}") = "KcpSharp.Tests", "tests\KcpSharp.Tests\KcpSharp.Tests.csproj", "{50DF6D15-E926-4A3E-9F3A-75BE06E11223}"
EndProject
Project("{9A19103F-16F7-4668-BE54-9A1E7A4F7556}") = "KcpSharp.ThroughputBanchmarks", "tests\KcpSharp.ThroughputBanchmarks\KcpSharp.ThroughputBanchmarks.csproj", "{827C9355-7326-4BE8-9E09-908A0D2BDEB1}"
EndProject
Project("{2150E333-8FDC-42A3-9474-1A3956D46DE8}") = "samples", "samples", "{AF3B67EF-4E3D-4E41-9CA7-4844FEF4534C}"
EndProject
Project("{9A19103F-16F7-4668-BE54-9A1E7A4F7556}") = "KcpEcho", "samples\KcpEcho\KcpEcho.csproj", "{8CF7FC01-586F-4726-B603-9BD165EC2076}"
EndProject
Project("{9A19103F-16F7-4668-BE54-9A1E7A4F7556}") = "KcpChatWasm", "samples\KcpChatWasm\KcpChatWasm.csproj", "{4EE2D977-6887-4BA5-AB29-4BBEB995F568}"
EndProject
Project("{9A19103F-16F7-4668-BE54-9A1E7A4F7556}") = "KcpTunnel", "samples\KcpTunnel\KcpTunnel.csproj", "{E102AF06-8746-4FA3-A68C-0FCB2ECBA44C}"
EndProject
Global
	GlobalSection(SolutionConfigurationPlatforms) = preSolution
		Debug|Any CPU = Debug|Any CPU
		Debug|x64 = Debug|x64
		Debug|x86 = Debug|x86
		Release|Any CPU = Release|Any CPU
		Release|x64 = Release|x64
		Release|x86 = Release|x86
	EndGlobalSection
	GlobalSection(ProjectConfigurationPlatforms) = postSolution
		{E1F82C25-5DA3-4BA3-A4F9-F7195684C5EB}.Debug|Any CPU.ActiveCfg = Debug|Any CPU
		{E1F82C25-5DA3-4BA3-A4F9-F7195684C5EB}.Debug|Any CPU.Build.0 = Debug|Any CPU
		{E1F82C25-5DA3-4BA3-A4F9-F7195684C5EB}.Debug|x64.ActiveCfg = Debug|Any CPU
		{E1F82C25-5DA3-4BA3-A4F9-F7195684C5EB}.Debug|x64.Build.0 = Debug|Any CPU
		{E1F82C25-5DA3-4BA3-A4F9-F7195684C5EB}.Debug|x86.ActiveCfg = Debug|Any CPU
		{E1F82C25-5DA3-4BA3-A4F9-F7195684C5EB}.Debug|x86.Build.0 = Debug|Any CPU
		{E1F82C25-5DA3-4BA3-A4F9-F7195684C5EB}.Release|Any CPU.ActiveCfg = Release|Any CPU
		{E1F82C25-5DA3-4BA3-A4F9-F7195684C5EB}.Release|Any CPU.Build.0 = Release|Any CPU
		{E1F82C25-5DA3-4BA3-A4F9-F7195684C5EB}.Release|x64.ActiveCfg = Release|Any CPU
		{E1F82C25-5DA3-4BA3-A4F9-F7195684C5EB}.Release|x64.Build.0 = Release|Any CPU
		{E1F82C25-5DA3-4BA3-A4F9-F7195684C5EB}.Release|x86.ActiveCfg = Release|Any CPU
		{E1F82C25-5DA3-4BA3-A4F9-F7195684C5EB}.Release|x86.Build.0 = Release|Any CPU
		{50DF6D15-E926-4A3E-9F3A-75BE06E11223}.Debug|Any CPU.ActiveCfg = Debug|Any CPU
		{50DF6D15-E926-4A3E-9F3A-75BE06E11223}.Debug|Any CPU.Build.0 = Debug|Any CPU
		{50DF6D15-E926-4A3E-9F3A-75BE06E11223}.Debug|x64.ActiveCfg = Debug|Any CPU
		{50DF6D15-E926-4A3E-9F3A-75BE06E11223}.Debug|x64.Build.0 = Debug|Any CPU
		{50DF6D15-E926-4A3E-9F3A-75BE06E11223}.Debug|x86.ActiveCfg = Debug|Any CPU
		{50DF6D15-E926-4A3E-9F3A-75BE06E11223}.Debug|x86.Build.0 = Debug|Any CPU
		{50DF6D15-E926-4A3E-9F3A-75BE06E11223}.Release|Any CPU.ActiveCfg = Release|Any CPU
		{50DF6D15-E926-4A3E-9F3A-75BE06E11223}.Release|Any CPU.Build.0 = Release|Any CPU
		{50DF6D15-E926-4A3E-9F3A-75BE06E11223}.Release|x64.ActiveCfg = Release|Any CPU
		{50DF6D15-E926-4A3E-9F3A-75BE06E11223}.Release|x64.Build.0 = Release|Any CPU
		{50DF6D15-E926-4A3E-9F3A-75BE06E11223}.Release|x86.ActiveCfg = Release|Any CPU
		{50DF6D15-E926-4A3E-9F3A-75BE06E11223}.Release|x86.Build.0 = Release|Any CPU
		{827C9355-7326-4BE8-9E09-908A0D2BDEB1}.Debug|Any CPU.ActiveCfg = Debug|Any CPU
		{827C9355-7326-4BE8-9E09-908A0D2BDEB1}.Debug|Any CPU.Build.0 = Debug|Any CPU
		{827C9355-7326-4BE8-9E09-908A0D2BDEB1}.Debug|x64.ActiveCfg = Debug|Any CPU
		{827C9355-7326-4BE8-9E09-908A0D2BDEB1}.Debug|x64.Build.0 = Debug|Any CPU
		{827C9355-7326-4BE8-9E09-908A0D2BDEB1}.Debug|x86.ActiveCfg = Debug|Any CPU
		{827C9355-7326-4BE8-9E09-908A0D2BDEB1}.Debug|x86.Build.0 = Debug|Any CPU
		{827C9355-7326-4BE8-9E09-908A0D2BDEB1}.Release|Any CPU.ActiveCfg = Release|Any CPU
		{827C9355-7326-4BE8-9E09-908A0D2BDEB1}.Release|Any CPU.Build.0 = Release|Any CPU
		{827C9355-7326-4BE8-9E09-908A0D2BDEB1}.Release|x64.ActiveCfg = Release|Any CPU
		{827C9355-7326-4BE8-9E09-908A0D2BDEB1}.Release|x64.Build.0 = Release|Any CPU
		{827C9355-7326-4BE8-9E09-908A0D2BDEB1}.Release|x86.ActiveCfg = Release|Any CPU
		{827C9355-7326-4BE8-9E09-908A0D2BDEB1}.Release|x86.Build.0 = Release|Any CPU
		{8CF7FC01-586F-4726-B603-9BD165EC2076}.Debug|Any CPU.ActiveCfg = Debug|Any CPU
		{8CF7FC01-586F-4726-B603-9BD165EC2076}.Debug|Any CPU.Build.0 = Debug|Any CPU
		{8CF7FC01-586F-4726-B603-9BD165EC2076}.Debug|x64.ActiveCfg = Debug|Any CPU
		{8CF7FC01-586F-4726-B603-9BD165EC2076}.Debug|x64.Build.0 = Debug|Any CPU
		{8CF7FC01-586F-4726-B603-9BD165EC2076}.Debug|x86.ActiveCfg = Debug|Any CPU
		{8CF7FC01-586F-4726-B603-9BD165EC2076}.Debug|x86.Build.0 = Debug|Any CPU
		{8CF7FC01-586F-4726-B603-9BD165EC2076}.Release|Any CPU.ActiveCfg = Release|Any CPU
		{8CF7FC01-586F-4726-B603-9BD165EC2076}.Release|Any CPU.Build.0 = Release|Any CPU
		{8CF7FC01-586F-4726-B603-9BD165EC2076}.Release|x64.ActiveCfg = Release|Any CPU
		{8CF7FC01-586F-4726-B603-9BD165EC2076}.Release|x64.Build.0 = Release|Any CPU
		{8CF7FC01-586F-4726-B603-9BD165EC2076}.Release|x86.ActiveCfg = Release|Any CPU
		{8CF7FC01-586F-4726-B603-9BD165EC2076}.Release|x86.Build.0 = Release|Any CPU
		{4EE2D977-6887-4BA5-AB29-4BBEB995F568}.Debug|Any CPU.ActiveCfg = Debug|Any CPU
		{4EE2D977-6887-4BA5-AB29-4BBEB995F568}.Debug|Any CPU.Build.0 = Debug|Any CPU
		{4EE2D977-6887-4BA5-AB29-4BBEB995F568}.Debug|x64.ActiveCfg = Debug|Any CPU
		{4EE2D977-6887-4BA5-AB29-4BBEB995F568}.Debug|x64.Build.0 = Debug|Any CPU
		{4EE2D977-6887-4BA5-AB29-4BBEB995F568}.Debug|x86.ActiveCfg = Debug|Any CPU
		{4EE2D977-6887-4BA5-AB29-4BBEB995F568}.Debug|x86.Build.0 = Debug|Any CPU
		{4EE2D977-6887-4BA5-AB29-4BBEB995F568}.Release|Any CPU.ActiveCfg = Release|Any CPU
		{4EE2D977-6887-4BA5-AB29-4BBEB995F568}.Release|Any CPU.Build.0 = Release|Any CPU
		{4EE2D977-6887-4BA5-AB29-4BBEB995F568}.Release|x64.ActiveCfg = Release|Any CPU
		{4EE2D977-6887-4BA5-AB29-4BBEB995F568}.Release|x64.Build.0 = Release|Any CPU
		{4EE2D977-6887-4BA5-AB29-4BBEB995F568}.Release|x86.ActiveCfg = Release|Any CPU
		{4EE2D977-6887-4BA5-AB29-4BBEB995F568}.Release|x86.Build.0 = Release|Any CPU
		{E102AF06-8746-4FA3-A68C-0FCB2ECBA44C}.Debug|Any CPU.ActiveCfg = Debug|Any CPU
		{E102AF06-8746-4FA3-A68C-0FCB2ECBA44C}.Debug|Any CPU.Build.0 = Debug|Any CPU
		{E102AF06-8746-4FA3-A68C-0FCB2ECBA44C}.Debug|x64.ActiveCfg = Debug|Any CPU
		{E102AF06-8746-4FA3-A68C-0FCB2ECBA44C}.Debug|x64.Build.0 = Debug|Any CPU
		{E102AF06-8746-4FA3-A68C-0FCB2ECBA44C}.Debug|x86.ActiveCfg = Debug|Any CPU
		{E102AF06-8746-4FA3-A68C-0FCB2ECBA44C}.Debug|x86.Build.0 = Debug|Any CPU
		{E102AF06-8746-4FA3-A68C-0FCB2ECBA44C}.Release|Any CPU.ActiveCfg = Release|Any CPU
		{E102AF06-8746-4FA3-A68C-0FCB2ECBA44C}.Release|Any CPU.Build.0 = Release|Any CPU
		{E102AF06-8746-4FA3-A68C-0FCB2ECBA44C}.Release|x64.ActiveCfg = Release|Any CPU
		{E102AF06-8746-4FA3-A68C-0FCB2ECBA44C}.Release|x64.Build.0 = Release|Any CPU
		{E102AF06-8746-4FA3-A68C-0FCB2ECBA44C}.Release|x86.ActiveCfg = Release|Any CPU
		{E102AF06-8746-4FA3-A68C-0FCB2ECBA44C}.Release|x86.Build.0 = Release|Any CPU
	EndGlobalSection
	GlobalSection(SolutionProperties) = preSolution
		HideSolutionNode = FALSE
	EndGlobalSection
	GlobalSection(NestedProjects) = preSolution
		{E1F82C25-5DA3-4BA3-A4F9-F7195684C5EB} = {1373C632-983E-4EB2-ABF5-58184170F081}
		{50DF6D15-E926-4A3E-9F3A-75BE06E11223} = {A8C1D402-98C1-4DEB-B8CD-9F02040D54C4}
		{827C9355-7326-4BE8-9E09-908A0D2BDEB1} = {A8C1D402-98C1-4DEB-B8CD-9F02040D54C4}
		{8CF7FC01-586F-4726-B603-9BD165EC2076} = {AF3B67EF-4E3D-4E41-9CA7-4844FEF4534C}
		{4EE2D977-6887-4BA5-AB29-4BBEB995F568} = {AF3B67EF-4E3D-4E41-9CA7-4844FEF4534C}
		{E102AF06-8746-4FA3-A68C-0FCB2ECBA44C} = {AF3B67EF-4E3D-4E41-9CA7-4844FEF4534C}
	EndGlobalSection
	GlobalSection(ExtensibilityGlobals) = postSolution
		SolutionGuid = {6C4ADA53-E05B-48DD-B8CC-A947B32C54AD}
	EndGlobalSection
EndGlobal
